
Microsoft Visual Studio Solution File, Format Version 11.00
# Visual Studio 2010
Project("{8BC9CEB8-8B4A-11D0-8D11-00A0C91BC942}") = "testdraw", "testdraw.vcxproj", "{AE48169F-CD2A-A331-A912-29B6977D48B5}"
EndProject
Global
	GlobalSection(SolutionConfigurationPlatforms) = preSolution
		Debug|Win32 = Debug|Win32
		Release|Win32 = Release|Win32
	EndGlobalSection
	GlobalSection(ProjectConfigurationPlatforms) = postSolution
		{AE48169F-CD2A-A331-A912-29B6977D48B5}.Debug|Win32.ActiveCfg = Debug|Win32
		{AE48169F-CD2A-A331-A912-29B6977D48B5}.Debug|Win32.Build.0 = Debug|Win32
		{AE48169F-CD2A-A331-A912-29B6977D48B5}.Release|Win32.ActiveCfg = Release|Win32
		{AE48169F-CD2A-A331-A912-29B6977D48B5}.Release|Win32.Build.0 = Release|Win32
	EndGlobalSection
	GlobalSection(SolutionProperties) = preSolution
		HideSolutionNode = FALSE
	EndGlobalSection
EndGlobal
