<?xml version="1.0" encoding="utf-8"?>
<Project ToolsVersion="4.0" xmlns="http://schemas.microsoft.com/developer/msbuild/2003">
  <ItemGroup>
    <Filter Include="Source Files">
      <UniqueIdentifier>{6ee3f288-8aa2-4f85-b4b9-4cece23e8bb6}</UniqueIdentifier>
      <Extensions>cpp;c;cxx;rc;def;r;odl;idl;hpj;bat</Extensions>
    </Filter>
    <Filter Include="Header Files">
      <UniqueIdentifier>{72ea60c3-4988-4426-8e74-80fb1dc59e17}</UniqueIdentifier>
      <Extensions>h;hpp;hxx;hm;inl</Extensions>
    </Filter>
    <Filter Include="Resource Files">
      <UniqueIdentifier>{6cd0b490-cf9a-4c40-911d-390fb597d3c2}</UniqueIdentifier>
      <Extensions>ico;cur;bmp;dlg;rc2;rct;bin;rgs;gif;jpg;jpeg;jpe</Extensions>
    </Filter>
    <Filter Include="Source Files\Graph">
      <UniqueIdentifier>{e8e6513b-4562-4ccb-8287-d0e5a18ea754}</UniqueIdentifier>
    </Filter>
    <Filter Include="Header Files\Graph">
      <UniqueIdentifier>{e1e62f49-8cea-4d63-a721-37d1a415ba9c}</UniqueIdentifier>
    </Filter>
  </ItemGroup>
  <ItemGroup>
    <ResourceCompile Include="testdraw.rc">
      <Filter>Source Files</Filter>
    </ResourceCompile>
  </ItemGroup>
  <ItemGroup>
    <CustomBuild Include="res\bitmap1.bmp">
      <Filter>Resource Files</Filter>
    </CustomBuild>
    <CustomBuild Include="res\Srule10.bmp">
      <Filter>Resource Files</Filter>
    </CustomBuild>
    <CustomBuild Include="res\testdraw.ico">
      <Filter>Resource Files</Filter>
    </CustomBuild>
    <CustomBuild Include="res\testdraw.rc2">
      <Filter>Resource Files</Filter>
    </CustomBuild>
    <CustomBuild Include="res\testdrawDoc.ico">
      <Filter>Resource Files</Filter>
    </CustomBuild>
    <CustomBuild Include="res\Toolbar.bmp">
      <Filter>Resource Files</Filter>
    </CustomBuild>
    <CustomBuild Include="ReadMe.txt" />
  </ItemGroup>
  <ItemGroup>
    <ClCompile Include="Source\MainFrm.cpp">
      <Filter>Source Files</Filter>
    </ClCompile>
    <ClCompile Include="Source\StdAfx.cpp">
      <Filter>Source Files</Filter>
    </ClCompile>
    <ClCompile Include="Source\testdraw.cpp">
      <Filter>Source Files</Filter>
    </ClCompile>
    <ClCompile Include="Source\testdrawDoc.cpp">
      <Filter>Source Files</Filter>
    </ClCompile>
    <ClCompile Include="Source\testdrawView.cpp">
      <Filter>Source Files</Filter>
    </ClCompile>
    <ClCompile Include="Source\Graph\Graph.cpp">
      <Filter>Source Files\Graph</Filter>
    </ClCompile>
    <ClCompile Include="Source\Graph\GraphDataColor.cpp">
      <Filter>Source Files\Graph</Filter>
    </ClCompile>
    <ClCompile Include="Source\Graph\GraphDataSet.cpp">
      <Filter>Source Files\Graph</Filter>
    </ClCompile>
    <ClCompile Include="Source\Graph\GraphDlg.cpp">
      <Filter>Source Files\Graph</Filter>
    </ClCompile>
    <ClCompile Include="Source\Graph\GraphLegend.cpp">
      <Filter>Source Files\Graph</Filter>
    </ClCompile>
    <ClCompile Include="Source\Graph\GraphLegendSet.cpp">
      <Filter>Source Files\Graph</Filter>
    </ClCompile>
    <ClCompile Include="Source\Graph\GraphPieLabel.cpp">
      <Filter>Source Files\Graph</Filter>
    </ClCompile>
    <ClCompile Include="Source\Graph\GraphSeries.cpp">
      <Filter>Source Files\Graph</Filter>
    </ClCompile>
    <ClCompile Include="Source\Graph\GraphSettingsDlg.cpp">
      <Filter>Source Files\Graph</Filter>
    </ClCompile>
  </ItemGroup>
  <ItemGroup>
    <ClInclude Include="Include\Graph\Graph.h">
      <Filter>Header Files\Graph</Filter>
    </ClInclude>
    <ClInclude Include="Include\Graph\GraphDataColor.h">
      <Filter>Header Files\Graph</Filter>
    </ClInclude>
    <ClInclude Include="Include\Graph\GraphDataSet.h">
      <Filter>Header Files\Graph</Filter>
    </ClInclude>
    <ClInclude Include="Include\Graph\GraphDlg.h">
      <Filter>Header Files\Graph</Filter>
    </ClInclude>
    <ClInclude Include="Include\Graph\GraphLegend.h">
      <Filter>Header Files\Graph</Filter>
    </ClInclude>
    <ClInclude Include="Include\Graph\GraphLegendSet.h">
      <Filter>Header Files\Graph</Filter>
    </ClInclude>
    <ClInclude Include="Include\Graph\GraphPieLabel.h">
      <Filter>Header Files\Graph</Filter>
    </ClInclude>
    <ClInclude Include="Include\Graph\GraphSeries.h">
      <Filter>Header Files\Graph</Filter>
    </ClInclude>
    <ClInclude Include="Include\Graph\GraphSettingsDlg.h">
      <Filter>Header Files\Graph</Filter>
    </ClInclude>
    <ClInclude Include="Include\MainFrm.h">
      <Filter>Header Files</Filter>
    </ClInclude>
    <ClInclude Include="Include\resource.h">
      <Filter>Header Files</Filter>
    </ClInclude>
    <ClInclude Include="Include\StdAfx.h">
      <Filter>Header Files</Filter>
    </ClInclude>
    <ClInclude Include="Include\testdraw.h">
      <Filter>Header Files</Filter>
    </ClInclude>
    <ClInclude Include="Include\testdrawDoc.h">
      <Filter>Header Files</Filter>
    </ClInclude>
    <ClInclude Include="Include\testdrawView.h">
      <Filter>Header Files</Filter>
    </ClInclude>
    <ClInclude Include="resource.h">
      <Filter>Header Files</Filter>
    </ClInclude>
  </ItemGroup>
</Project>